
Microsoft Visual Studio Solution File, Format Version 12.00
Project("{F2A71F9B-5D33-465A-A702-920D77279786}") = "AuthEd25519", "AuthEd25519\AuthEd25519.fsproj", "{DBE2200D-BA0D-4693-AF4A-6039543524BE}"
EndProject
Project("{F2A71F9B-5D33-465A-A702-920D77279786}") = "ConsoleApplication1", "ConsoleApplication1\ConsoleApplication1.fsproj", "{BEEA6E62-DB1B-42B5-BDF3-70E2B7B55E93}"
EndProject
Global
	GlobalSection(SolutionConfigurationPlatforms) = preSolution
		Debug|Any CPU = Debug|Any CPU
		Release|Any CPU = Release|Any CPU
	EndGlobalSection
	GlobalSection(ProjectConfigurationPlatforms) = postSolution
		{DBE2200D-BA0D-4693-AF4A-6039543524BE}.Debug|Any CPU.ActiveCfg = Debug|Any CPU
		{DBE2200D-BA0D-4693-AF4A-6039543524BE}.Debug|Any CPU.Build.0 = Debug|Any CPU
		{DBE2200D-BA0D-4693-AF4A-6039543524BE}.Release|Any CPU.ActiveCfg = Release|Any CPU
		{DBE2200D-BA0D-4693-AF4A-6039543524BE}.Release|Any CPU.Build.0 = Release|Any CPU
		{BEEA6E62-DB1B-42B5-BDF3-70E2B7B55E93}.Debug|Any CPU.ActiveCfg = Debug|Any CPU
		{BEEA6E62-DB1B-42B5-BDF3-70E2B7B55E93}.Debug|Any CPU.Build.0 = Debug|Any CPU
		{BEEA6E62-DB1B-42B5-BDF3-70E2B7B55E93}.Release|Any CPU.ActiveCfg = Release|Any CPU
		{BEEA6E62-DB1B-42B5-BDF3-70E2B7B55E93}.Release|Any CPU.Build.0 = Release|Any CPU
	EndGlobalSection
EndGlobal
